Microsoft Visual Studio Solution File, Format Version 12.00
# Visual Studio Version 17
VisualStudioVersion = 17.0.31903.59
MinimumVisualStudioVersion = 10.0.40219.1
Project("{FAE04EC0-301F-11D3-BF4B-00C04F79EFBC}") = "Clodlogs.Desktop", "src\Clodlogs.Desktop\Clodlogs.Desktop.csproj", "{B55E155B-86C8-4BD5-A770-A1951D464EA8}"
EndProject
Project("{FAE04EC0-301F-11D3-BF4B-00C04F79EFBC}") = "Clodlogs.Desktop.Tests", "src\Clodlogs.Desktop.Tests\Clodlogs.Desktop.Tests.csproj", "{E5735294-DACD-4F94-B20A-37BBA047B3B2}"
EndProject
Global
	GlobalSection(SolutionConfigurationPlatforms) = preSolution
		Debug|Any CPU = Debug|Any CPU
		Release|Any CPU = Release|Any CPU
	EndGlobalSection
	GlobalSection(ProjectConfigurationPlatforms) = postSolution
		{B55E155B-86C8-4BD5-A770-A1951D464EA8}.Debug|Any CPU.ActiveCfg = Debug|Any CPU
		{B55E155B-86C8-4BD5-A770-A1951D464EA8}.Debug|Any CPU.Build.0 = Debug|Any CPU
		{B55E155B-86C8-4BD5-A770-A1951D464EA8}.Release|Any CPU.ActiveCfg = Release|Any CPU
		{B55E155B-86C8-4BD5-A770-A1951D464EA8}.Release|Any CPU.Build.0 = Release|Any CPU
		{E5735294-DACD-4F94-B20A-37BBA047B3B2}.Debug|Any CPU.ActiveCfg = Debug|Any CPU
		{E5735294-DACD-4F94-B20A-37BBA047B3B2}.Debug|Any CPU.Build.0 = Debug|Any CPU
		{E5735294-DACD-4F94-B20A-37BBA047B3B2}.Release|Any CPU.ActiveCfg = Release|Any CPU
		{E5735294-DACD-4F94-B20A-37BBA047B3B2}.Release|Any CPU.Build.0 = Release|Any CPU
	EndGlobalSection
EndGlobal
